PODS:
  - PodioKit (2.0.0-beta5)
  - SVProgressHUD (1.0)

DEPENDENCIES:
  - PodioKit (from `https://github.com/podio/podio-objc.git`, branch `master`)
  - SVProgressHUD

EXTERNAL SOURCES:
  PodioKit:
    :branch: master
    :git: https://github.com/podio/podio-objc.git

SPEC CHECKSUMS:
  PodioKit: 074cfe9a6929611a6a12a8e1943caea66106d17d
  SVProgressHUD: 5034c6e22b8c2ca3e09402e48d41ed0340aa1c50

COCOAPODS: 0.33.1
